
Microsoft Visual Studio Solution File, Format Version 12.00
# Visual Studio 15
Project("{FAE04EC0-301F-11D3-BF4B-00C04F79EFBC}") = "Proyecto.Android", "Proyecto.Android\Proyecto.Android.csproj", "{38193D81-120E-4804-883B-CCC7E9B7C005}"
EndProject
Project("{FAE04EC0-301F-11D3-BF4B-00C04F79EFBC}") = "Proyecto.iOS", "Proyecto.iOS\Proyecto.iOS.csproj", "{EA80A01B-A735-43F6-BC44-1C88BFAB4CF1}"
EndProject
Project("{FAE04EC0-301F-11D3-BF4B-00C04F79EFBC}") = "Proyecto", "Proyecto\Proyecto.csproj", "{A482D20F-72AB-4DFA-A743-A5FA5CA8B11A}"
EndProject
Global
	GlobalSection(SolutionConfigurationPlatforms) = preSolution
		Debug|Any CPU = Debug|Any CPU
		Release|Any CPU = Release|Any CPU
		Debug|iPhoneSimulator = Debug|iPhoneSimulator
		Release|iPhoneSimulator = Release|iPhoneSimulator
		Debug|iPhone = Debug|iPhone
		Release|iPhone = Release|iPhone
		Ad-Hoc|iPhone = Ad-Hoc|iPhone
		AppStore|iPhone = AppStore|iPhone
	EndGlobalSection
	GlobalSection(ProjectConfigurationPlatforms) = postSolution
		{38193D81-120E-4804-883B-CCC7E9B7C005}.Debug|Any CPU.ActiveCfg = Debug|Any CPU
		{38193D81-120E-4804-883B-CCC7E9B7C005}.Debug|Any CPU.Build.0 = Debug|Any CPU
		{38193D81-120E-4804-883B-CCC7E9B7C005}.Release|Any CPU.ActiveCfg = Release|Any CPU
		{38193D81-120E-4804-883B-CCC7E9B7C005}.Release|Any CPU.Build.0 = Release|Any CPU
		{38193D81-120E-4804-883B-CCC7E9B7C005}.Debug|iPhoneSimulator.ActiveCfg = Debug|Any CPU
		{38193D81-120E-4804-883B-CCC7E9B7C005}.Debug|iPhoneSimulator.Build.0 = Debug|Any CPU
		{38193D81-120E-4804-883B-CCC7E9B7C005}.Release|iPhoneSimulator.ActiveCfg = Release|Any CPU
		{38193D81-120E-4804-883B-CCC7E9B7C005}.Release|iPhoneSimulator.Build.0 = Release|Any CPU
		{38193D81-120E-4804-883B-CCC7E9B7C005}.Debug|iPhone.ActiveCfg = Debug|Any CPU
		{38193D81-120E-4804-883B-CCC7E9B7C005}.Debug|iPhone.Build.0 = Debug|Any CPU
		{38193D81-120E-4804-883B-CCC7E9B7C005}.Release|iPhone.ActiveCfg = Release|Any CPU
		{38193D81-120E-4804-883B-CCC7E9B7C005}.Release|iPhone.Build.0 = Release|Any CPU
		{38193D81-120E-4804-883B-CCC7E9B7C005}.Ad-Hoc|iPhone.ActiveCfg = Debug|Any CPU
		{38193D81-120E-4804-883B-CCC7E9B7C005}.Ad-Hoc|iPhone.Build.0 = Debug|Any CPU
		{38193D81-120E-4804-883B-CCC7E9B7C005}.AppStore|iPhone.ActiveCfg = Debug|Any CPU
		{38193D81-120E-4804-883B-CCC7E9B7C005}.AppStore|iPhone.Build.0 = Debug|Any CPU
		{EA80A01B-A735-43F6-BC44-1C88BFAB4CF1}.Debug|Any CPU.ActiveCfg = Debug|iPhoneSimulator
		{EA80A01B-A735-43F6-BC44-1C88BFAB4CF1}.Debug|Any CPU.Build.0 = Debug|iPhoneSimulator
		{EA80A01B-A735-43F6-BC44-1C88BFAB4CF1}.Release|Any CPU.ActiveCfg = Release|iPhoneSimulator
		{EA80A01B-A735-43F6-BC44-1C88BFAB4CF1}.Release|Any CPU.Build.0 = Release|iPhoneSimulator
		{EA80A01B-A735-43F6-BC44-1C88BFAB4CF1}.Debug|iPhoneSimulator.ActiveCfg = Debug|iPhoneSimulator
		{EA80A01B-A735-43F6-BC44-1C88BFAB4CF1}.Debug|iPhoneSimulator.Build.0 = Debug|iPhoneSimulator
		{EA80A01B-A735-43F6-BC44-1C88BFAB4CF1}.Release|iPhoneSimulator.ActiveCfg = Release|iPhoneSimulator
		{EA80A01B-A735-43F6-BC44-1C88BFAB4CF1}.Release|iPhoneSimulator.Build.0 = Release|iPhoneSimulator
		{EA80A01B-A735-43F6-BC44-1C88BFAB4CF1}.Debug|iPhone.ActiveCfg = Debug|iPhone
		{EA80A01B-A735-43F6-BC44-1C88BFAB4CF1}.Debug|iPhone.Build.0 = Debug|iPhone
		{EA80A01B-A735-43F6-BC44-1C88BFAB4CF1}.Release|iPhone.ActiveCfg = Release|iPhone
		{EA80A01B-A735-43F6-BC44-1C88BFAB4CF1}.Release|iPhone.Build.0 = Release|iPhone
		{EA80A01B-A735-43F6-BC44-1C88BFAB4CF1}.Ad-Hoc|iPhone.ActiveCfg = Ad-Hoc|iPhone
		{EA80A01B-A735-43F6-BC44-1C88BFAB4CF1}.Ad-Hoc|iPhone.Build.0 = Ad-Hoc|iPhone
		{EA80A01B-A735-43F6-BC44-1C88BFAB4CF1}.AppStore|iPhone.ActiveCfg = AppStore|iPhone
		{EA80A01B-A735-43F6-BC44-1C88BFAB4CF1}.AppStore|iPhone.Build.0 = AppStore|iPhone
		{A482D20F-72AB-4DFA-A743-A5FA5CA8B11A}.Debug|Any CPU.ActiveCfg = Debug|Any CPU
		{A482D20F-72AB-4DFA-A743-A5FA5CA8B11A}.Debug|Any CPU.Build.0 = Debug|Any CPU
		{A482D20F-72AB-4DFA-A743-A5FA5CA8B11A}.Release|Any CPU.ActiveCfg = Release|Any CPU
		{A482D20F-72AB-4DFA-A743-A5FA5CA8B11A}.Release|Any CPU.Build.0 = Release|Any CPU
		{A482D20F-72AB-4DFA-A743-A5FA5CA8B11A}.Debug|iPhoneSimulator.ActiveCfg = Debug|Any CPU
		{A482D20F-72AB-4DFA-A743-A5FA5CA8B11A}.Debug|iPhoneSimulator.Build.0 = Debug|Any CPU
		{A482D20F-72AB-4DFA-A743-A5FA5CA8B11A}.Release|iPhoneSimulator.ActiveCfg = Release|Any CPU
		{A482D20F-72AB-4DFA-A743-A5FA5CA8B11A}.Release|iPhoneSimulator.Build.0 = Release|Any CPU
		{A482D20F-72AB-4DFA-A743-A5FA5CA8B11A}.Debug|iPhone.ActiveCfg = Debug|Any CPU
		{A482D20F-72AB-4DFA-A743-A5FA5CA8B11A}.Debug|iPhone.Build.0 = Debug|Any CPU
		{A482D20F-72AB-4DFA-A743-A5FA5CA8B11A}.Release|iPhone.ActiveCfg = Release|Any CPU
		{A482D20F-72AB-4DFA-A743-A5FA5CA8B11A}.Release|iPhone.Build.0 = Release|Any CPU
		{A482D20F-72AB-4DFA-A743-A5FA5CA8B11A}.Ad-Hoc|iPhone.ActiveCfg = Debug|Any CPU
		{A482D20F-72AB-4DFA-A743-A5FA5CA8B11A}.Ad-Hoc|iPhone.Build.0 = Debug|Any CPU
		{A482D20F-72AB-4DFA-A743-A5FA5CA8B11A}.AppStore|iPhone.ActiveCfg = Debug|Any CPU
		{A482D20F-72AB-4DFA-A743-A5FA5CA8B11A}.AppStore|iPhone.Build.0 = Debug|Any CPU
	EndGlobalSection
EndGlobal
